
Microsoft Visual Studio Solution File, Format Version 12.00
# Visual Studio Version 16
VisualStudioVersion = 16.0.30516.212
MinimumVisualStudioVersion = 10.0.40219.1
Project("{9A19103F-16F7-4668-BE54-9A1E7A4F7556}") = "IssuesToRss", "src\IssuesToRss\IssuesToRss.csproj", "{0C4E7B4A-0FC5-4F37-BD1B-4FD53E37B27C}"
EndProject
Project("{2150E333-8FDC-42A3-9474-1A3956D46DE8}") = "Solution Items", "Solution Items", "{EE7730A0-11B4-4F14-8145-A17DA405F63F}"
	ProjectSection(SolutionItems) = preProject
		.github\workflows\schedule.yml = .github\workflows\schedule.yml
	EndProjectSection
EndProject
Global
	GlobalSection(SolutionConfigurationPlatforms) = preSolution
		Debug|Any CPU = Debug|Any CPU
		Release|Any CPU = Release|Any CPU
	EndGlobalSection
	GlobalSection(ProjectConfigurationPlatforms) = postSolution
		{0C4E7B4A-0FC5-4F37-BD1B-4FD53E37B27C}.Debug|Any CPU.ActiveCfg = Debug|Any CPU
		{0C4E7B4A-0FC5-4F37-BD1B-4FD53E37B27C}.Debug|Any CPU.Build.0 = Debug|Any CPU
		{0C4E7B4A-0FC5-4F37-BD1B-4FD53E37B27C}.Release|Any CPU.ActiveCfg = Release|Any CPU
		{0C4E7B4A-0FC5-4F37-BD1B-4FD53E37B27C}.Release|Any CPU.Build.0 = Release|Any CPU
	EndGlobalSection
	GlobalSection(SolutionProperties) = preSolution
		HideSolutionNode = FALSE
	EndGlobalSection
	GlobalSection(ExtensibilityGlobals) = postSolution
		SolutionGuid = {11C8BF44-D2E0-447F-B49A-341281678DF7}
	EndGlobalSection
EndGlobal
